github.com/PuerkitoBio/goquery v1.5.0 h1:uGvmFXOA73IKluu/F84Xd1tt/z07GYm8X49XKHP7EJk=
github.com/PuerkitoBio/goquery v1.5.0/go.mod h1:qD2PgZ9lccMbQlc7eEOjaeRlFQON7xY8kdmcsrnKqMg=
github.com/andybalholm/cascadia v1.0.0 h1:hOCXnnZ5A+3eVDX8pvgl4kofXv2ELss0bKcqRySc45o=
github.com/andybalholm/cascadia v1.0.0/go.mod h1:GsXiBklL0woXo1j/WYWtSYYC4ouU9PqHO0sqidkEA4Y=
github.com/otiai10/copy v1.0.2 h1:DDNipYy6RkIkjMwy+AWzgKiNTyj2RUI9yEMeETEpVyc=
github.com/otiai10/copy v1.0.2/go.mod h1:c7RpqBkwMom4bYTSkLSym4VSJz/XtncWRAj/J4PEIMY=
github.com/otiai10/curr v0.0.0-20150429015615-9b4961190c95/go.mod h1:9qAhocn7zKJG+0mI8eUu6xqkFDYS2kb2saOteoSB3cE=
github.com/otiai10/mint v1.3.0 h1:Ady6MKVezQwHBkGzLFbrsywyp09Ah7rkmfjV3Bcr5uc=
github.com/otiai10/mint v1.3.0/go.mod h1:F5AjcsTsWUqX+Na9fpHb52P8pcRX2CI6A3ctIT91xUo=
github.com/winwisely99/bootstrap v0.0.0-20191217185901-1f557dcb733d h1:yDf6wEICdBqi6MSTriSfRdotq5i6Z64ucXXZHeOr9I8=
github.com/winwisely99/bootstrap v0.0.0-20191218125838-6db568045f4a h1:klRxjOjw92xyeVbytpngoECzxsmpUXlWxSA3xOrkXrA=
github.com/yosssi/gohtml v0.0.0-20190915184251-7ff6f235ecaf h1:VA200mPTYh9FWY8zKX5ctXCtNk78HUez8ecTdsQGhoo=
github.com/yosssi/gohtml v0.0.0-20190915184251-7ff6f235ecaf/go.mod h1:+ccdNT0xMY1dtc5XBxumbYfOUhmduiGudqaDgD2rVRE=
golang.org/x/net v0.0.0-20180218175443-cbe0f9307d01/go.mod h1:mL1N/T3taQHkDXs73rZJwtUhF3w3ftmwwsq0BUmARs4=
golang.org/x/net v0.0.0-20181114220301-adae6a3d119a h1:gOpx8G595UYyvj8UK4+OFyY4rx037g3fmfhe5SasG3U=
golang.org/x/net v0.0.0-20181114220301-adae6a3d119a/go.mod h1:mL1N/T3taQHkDXs73rZJwtUhF3w3ftmwwsq0BUmARs4=
